
Microsoft Visual Studio Solution File, Format Version 12.00
# Visual Studio 15
VisualStudioVersion = 15.0.28307.271
MinimumVisualStudioVersion = 10.0.40219.1
Project("{9A19103F-16F7-4668-BE54-9A1E7A4F7556}") = "DataImporter", "DataImporter\DataImporter.csproj", "{5B1ECF03-48EC-4030-B4E4-B301807FC7A0}"
EndProject
Project("{9A19103F-16F7-4668-BE54-9A1E7A4F7556}") = "Database", "Database\Database.csproj", "{A13A2D89-9378-42B5-8BC7-D3C39E2F01CB}"
EndProject
Global
	GlobalSection(SolutionConfigurationPlatforms) = preSolution
		Debug|Any CPU = Debug|Any CPU
		Release|Any CPU = Release|Any CPU
	EndGlobalSection
	GlobalSection(ProjectConfigurationPlatforms) = postSolution
		{5B1ECF03-48EC-4030-B4E4-B301807FC7A0}.Debug|Any CPU.ActiveCfg = Debug|Any CPU
		{5B1ECF03-48EC-4030-B4E4-B301807FC7A0}.Debug|Any CPU.Build.0 = Debug|Any CPU
		{5B1ECF03-48EC-4030-B4E4-B301807FC7A0}.Release|Any CPU.ActiveCfg = Release|Any CPU
		{5B1ECF03-48EC-4030-B4E4-B301807FC7A0}.Release|Any CPU.Build.0 = Release|Any CPU
		{A13A2D89-9378-42B5-8BC7-D3C39E2F01CB}.Debug|Any CPU.ActiveCfg = Debug|Any CPU
		{A13A2D89-9378-42B5-8BC7-D3C39E2F01CB}.Debug|Any CPU.Build.0 = Debug|Any CPU
		{A13A2D89-9378-42B5-8BC7-D3C39E2F01CB}.Release|Any CPU.ActiveCfg = Release|Any CPU
		{A13A2D89-9378-42B5-8BC7-D3C39E2F01CB}.Release|Any CPU.Build.0 = Release|Any CPU
	EndGlobalSection
	GlobalSection(SolutionProperties) = preSolution
		HideSolutionNode = FALSE
	EndGlobalSection
	GlobalSection(ExtensibilityGlobals) = postSolution
		SolutionGuid = {6FECD8FC-11FA-4217-BA36-08F7DA74B9ED}
	EndGlobalSection
EndGlobal
